<?xml version="1.0" encoding="utf-8"?>
<Project ToolsVersion="4.0" xmlns="http://schemas.microsoft.com/developer/msbuild/2003">
  <ItemGroup>
    <Filter Include="Source Files">
      <UniqueIdentifier>{4FC737F1-C7A5-4376-A066-2A32D752A2FF}</UniqueIdentifier>
      <Extensions>cpp;c;cc;cxx;def;odl;idl;hpj;bat;asm;asmx</Extensions>
    </Filter>
    <Filter Include="Header Files">
      <UniqueIdentifier>{93995380-89BD-4b04-88EB-625FBE52EBFB}</UniqueIdentifier>
      <Extensions>h;hh;hpp;hxx;hm;inl;inc;ipp;xsd</Extensions>
    </Filter>
    <Filter Include="Resource Files">
      <UniqueIdentifier>{67DA6AB6-F800-4c08-8B7A-83BB121AAD01}</UniqueIdentifier>
      <Extensions>rc;ico;cur;bmp;dlg;rc2;rct;bin;rgs;gif;jpg;jpeg;jpe;resx;tiff;tif;png;wav;mfcribbon-ms</Extensions>
    </Filter>
    <Filter Include="Source Files\Actors">
      <UniqueIdentifier>{e5795451-0943-484f-a53a-fda2ac17b37d}</UniqueIdentifier>
    </Filter>
    <Filter Include="Header Files\Actors">
      <UniqueIdentifier>{7c2cd03d-8c3d-41c9-b5bb-8cae550455cd}</UniqueIdentifier>
    </Filter>
    <Filter Include="vendor">
      <UniqueIdentifier>{c112258d-f74d-49cd-9c7c-62e81914c890}</UniqueIdentifier>
    </Filter>
    <Filter Include="vendor\gl3w">
      <UniqueIdentifier>{b8aacd8e-c7a3-45e4-a13a-d7b4ead9e3dc}</UniqueIdentifier>
    </Filter>
  </ItemGroup>
  <ItemGroup>
    <ClCompile Include="includes\imgui\imgui.cpp">
      <Filter>vendor</Filter>
    </ClCompile>
    <ClCompile Include="includes\GL\gl3w.c">
      <Filter>vendor\gl3w</Filter>
    </ClCompile>
    <ClCompile Include="src\RayEngine\RayEngine.cpp">
      <Filter>Source Files</Filter>
    </ClCompile>
    <ClCompile Include="src\RayEngine\Application.cpp">
      <Filter>Source Files</Filter>
    </ClCompile>
    <ClCompile Include="src\repch.cpp">
      <Filter>Source Files</Filter>
    </ClCompile>
    <ClCompile Include="src\Layers\Layer.cpp">
      <Filter>Source Files</Filter>
    </ClCompile>
    <ClCompile Include="src\Layers\LayerStack.cpp">
      <Filter>Source Files</Filter>
    </ClCompile>
    <ClCompile Include="src\Layers\UILayer.cpp">
      <Filter>Source Files</Filter>
    </ClCompile>
    <ClCompile Include="Platform\OpenGL\imgui_opengl_imlementation.cpp">
      <Filter>Source Files</Filter>
    </ClCompile>
    <ClCompile Include="includes\imgui\imgui_draw.cpp">
      <Filter>Source Files</Filter>
    </ClCompile>
    <ClCompile Include="includes\imgui\imgui_demo.cpp">
      <Filter>Source Files</Filter>
    </ClCompile>
    <ClCompile Include="includes\imgui\imgui_widgets.cpp">
      <Filter>Source Files</Filter>
    </ClCompile>
    <ClCompile Include="Platform\OpenGL\imgui_glfw_implementation.cpp">
      <Filter>Source Files</Filter>
    </ClCompile>
    <ClCompile Include="src\Layers\SceneLayer.cpp">
      <Filter>Source Files</Filter>
    </ClCompile>
    <ClCompile Include="Platform\Windows\WindowsInput.cpp">
      <Filter>Source Files</Filter>
    </ClCompile>
    <ClCompile Include="vendor\MetaStuff\include\StringCast.cpp">
      <Filter>Source Files</Filter>
    </ClCompile>
    <ClCompile Include="src\Objects\Character.cpp">
      <Filter>Source Files</Filter>
    </ClCompile>
    <ClCompile Include="src\Objects\Cow.cpp">
      <Filter>Source Files</Filter>
    </ClCompile>
    <ClCompile Include="src\Objects\Floor.cpp">
      <Filter>Source Files</Filter>
    </ClCompile>
    <ClCompile Include="src\Objects\Glass.cpp">
      <Filter>Source Files</Filter>
    </ClCompile>
    <ClCompile Include="src\Objects\MeshObject.cpp">
      <Filter>Source Files</Filter>
    </ClCompile>
    <ClCompile Include="src\Objects\ObjectComponent.cpp">
      <Filter>Source Files</Filter>
    </ClCompile>
    <ClCompile Include="src\Objects\RStaticMesh.cpp">
      <Filter>Source Files</Filter>
    </ClCompile>
    <ClCompile Include="src\Objects\SceneObject.cpp">
      <Filter>Source Files</Filter>
    </ClCompile>
    <ClCompile Include="src\Primitives\Object.cpp">
      <Filter>Source Files</Filter>
    </ClCompile>
    <ClCompile Include="src\Primitives\KDThreeGPU.cpp">
      <Filter>Source Files</Filter>
    </ClCompile>
    <ClCompile Include="src\Primitives\KDTree.cpp">
      <Filter>Source Files</Filter>
    </ClCompile>
    <ClCompile Include="src\Primitives\KDTreeGPUUtills.cpp">
      <Filter>Source Files</Filter>
    </ClCompile>
    <ClCompile Include="src\Primitives\Light.cpp">
      <Filter>Source Files</Filter>
    </ClCompile>
    <ClCompile Include="src\Primitives\Plane.cpp">
      <Filter>Source Files</Filter>
    </ClCompile>
    <ClCompile Include="src\Primitives\Sphere.cpp">
      <Filter>Source Files</Filter>
    </ClCompile>
    <ClCompile Include="src\Primitives\Source.cpp">
      <Filter>Source Files</Filter>
    </ClCompile>
    <ClCompile Include="src\Primitives\Triangle.cpp">
      <Filter>Source Files</Filter>
    </ClCompile>
    <ClCompile Include="src\World\Chunk.cpp">
      <Filter>Source Files</Filter>
    </ClCompile>
    <ClCompile Include="src\World\Grid.cpp">
      <Filter>Source Files</Filter>
    </ClCompile>
    <ClCompile Include="src\World\Scene.cpp">
      <Filter>Source Files</Filter>
    </ClCompile>
    <ClCompile Include="src\World\SDFScene.cpp">
      <Filter>Source Files</Filter>
    </ClCompile>
    <ClCompile Include="src\World\RTScene.cpp">
      <Filter>Source Files</Filter>
    </ClCompile>
    <ClCompile Include="src\World\PerlinNoise.cpp">
      <Filter>Source Files</Filter>
    </ClCompile>
    <ClCompile Include="src\Primitives\MeshAdjacencyTable.cpp">
      <Filter>Source Files</Filter>
    </ClCompile>
    <ClCompile Include="src\Primitives\Ray.cpp">
      <Filter>Source Files</Filter>
    </ClCompile>
    <ClCompile Include="includes\ObjFileReader.cpp">
      <Filter>Source Files</Filter>
    </ClCompile>
    <ClCompile Include="src\Primitives\Camera.cpp">
      <Filter>Source Files</Filter>
    </ClCompile>
    <ClCompile Include="includes\glad.c">
      <Filter>Source Files</Filter>
    </ClCompile>
    <ClCompile Include="src\Engine\Material.cpp">
      <Filter>Source Files</Filter>
    </ClCompile>
    <ClCompile Include="src\Engine\RayTracer.cpp">
      <Filter>Source Files</Filter>
    </ClCompile>
    <ClCompile Include="src\Engine\TextureObject.cpp">
      <Filter>Source Files</Filter>
    </ClCompile>
    <ClCompile Include="src\Engine\Window.cpp">
      <Filter>Source Files</Filter>
    </ClCompile>
    <ClCompile Include="src\Objects\MovableCamera.cpp">
      <Filter>Source Files</Filter>
    </ClCompile>
    <ClCompile Include="src\rply.c">
      <Filter>Source Files</Filter>
    </ClCompile>
  </ItemGroup>
  <ItemGroup>
    <ClInclude Include="includes\imgui\imconfig.h">
      <Filter>vendor</Filter>
    </ClInclude>
    <ClInclude Include="includes\imgui\imgui.h">
      <Filter>vendor</Filter>
    </ClInclude>
    <ClInclude Include="includes\GL\gl3w.h">
      <Filter>vendor\gl3w</Filter>
    </ClInclude>
    <ClInclude Include="includes\GL\glcorearb.h">
      <Filter>vendor\gl3w</Filter>
    </ClInclude>
    <ClInclude Include="includes\GL\glew.h">
      <Filter>vendor\gl3w</Filter>
    </ClInclude>
    <ClInclude Include="src\resource.h">
      <Filter>Header Files</Filter>
    </ClInclude>
    <ClInclude Include="resource.h">
      <Filter>Header Files</Filter>
    </ClInclude>
    <ClInclude Include="src\kd_tree_functions.cuh" />
    <ClInclude Include="src\ray_functions.cuh" />
    <ClInclude Include="src\cuda-src\Atmosphere.cuh" />
    <ClInclude Include="src\cuda-src\cuda_helper_functions.h">
      <Filter>Header Files</Filter>
    </ClInclude>
    <ClInclude Include="src\cuda-src\cuda_memory_functions.cuh" />
    <ClInclude Include="src\cuda-src\CUDARayTracing.cuh" />
    <ClInclude Include="src\cuda-src\filter_functions.cuh" />
    <ClInclude Include="src\cuda-src\kd_tree_functions.cuh" />
    <ClInclude Include="src\cuda-src\ray_functions.cuh" />
    <ClInclude Include="src\cuda-src\sdf_functions.cuh" />
    <ClInclude Include="src\cuda-src\sphere_tracing.cuh" />
    <ClInclude Include="src\RayEngine\RayEngine.h">
      <Filter>Header Files</Filter>
    </ClInclude>
    <ClInclude Include="src\RayCore.h">
      <Filter>Header Files</Filter>
    </ClInclude>
    <ClInclude Include="src\RayEngine\EntryPoint.h">
      <Filter>Header Files</Filter>
    </ClInclude>
    <ClInclude Include="src\Events\Event.h">
      <Filter>Header Files</Filter>
    </ClInclude>
    <ClInclude Include="src\Events\ApplicationEvent.h">
      <Filter>Header Files</Filter>
    </ClInclude>
    <ClInclude Include="src\Events\KeyEvent.h">
      <Filter>Header Files</Filter>
    </ClInclude>
    <ClInclude Include="src\Events\MouseEvent.h">
      <Filter>Header Files</Filter>
    </ClInclude>
    <ClInclude Include="src\RayEngine\Application.h">
      <Filter>Header Files</Filter>
    </ClInclude>
    <ClInclude Include="src\repch.h">
      <Filter>Header Files</Filter>
    </ClInclude>
    <ClInclude Include="src\Layers\Layer.h">
      <Filter>Header Files</Filter>
    </ClInclude>
    <ClInclude Include="src\Layers\LayerStack.h">
      <Filter>Header Files</Filter>
    </ClInclude>
    <ClInclude Include="src\Layers\UILayer.h">
      <Filter>Header Files</Filter>
    </ClInclude>
    <ClInclude Include="Platform\OpenGL\imgui_opengl_imlementation.h">
      <Filter>Header Files</Filter>
    </ClInclude>
    <ClInclude Include="includes\imgui\imgui_internal.h">
      <Filter>Header Files</Filter>
    </ClInclude>
    <ClInclude Include="includes\imgui\imstb_rectpack.h">
      <Filter>Header Files</Filter>
    </ClInclude>
    <ClInclude Include="includes\imgui\imgui_impl_glfw.h">
      <Filter>Header Files</Filter>
    </ClInclude>
    <ClInclude Include="Platform\OpenGL\imgui_glfw_implementation.h">
      <Filter>Header Files</Filter>
    </ClInclude>
    <ClInclude Include="src\Layers\SceneLayer.h">
      <Filter>Header Files</Filter>
    </ClInclude>
    <ClInclude Include="Platform\Windows\WindowsInput.h">
      <Filter>Header Files</Filter>
    </ClInclude>
    <ClInclude Include="vendor\MetaStuff\include\detail\MetaHolder.h">
      <Filter>Header Files</Filter>
    </ClInclude>
    <ClInclude Include="vendor\MetaStuff\include\detail\template_helpers.h">
      <Filter>Header Files</Filter>
    </ClInclude>
    <ClInclude Include="vendor\MetaStuff\include\Member.h">
      <Filter>Header Files</Filter>
    </ClInclude>
    <ClInclude Include="vendor\MetaStuff\include\Meta.h">
      <Filter>Header Files</Filter>
    </ClInclude>
    <ClInclude Include="vendor\MetaStuff\include\JsonCast.h">
      <Filter>Header Files</Filter>
    </ClInclude>
    <ClInclude Include="vendor\MetaStuff\include\StringCast.h">
      <Filter>Header Files</Filter>
    </ClInclude>
    <ClInclude Include="src\cuda-src\gpu_structs.h">
      <Filter>Header Files</Filter>
    </ClInclude>
    <ClInclude Include="src\Objects\Character.h">
      <Filter>Header Files</Filter>
    </ClInclude>
    <ClInclude Include="src\Objects\Floor.h">
      <Filter>Header Files</Filter>
    </ClInclude>
    <ClInclude Include="src\Objects\Cow.h">
      <Filter>Header Files</Filter>
    </ClInclude>
    <ClInclude Include="src\Objects\Glass.h">
      <Filter>Header Files</Filter>
    </ClInclude>
    <ClInclude Include="src\Objects\MeshObject.h">
      <Filter>Header Files</Filter>
    </ClInclude>
    <ClInclude Include="src\Objects\ObjectComponent.h">
      <Filter>Header Files</Filter>
    </ClInclude>
    <ClInclude Include="src\Objects\RStaticMesh.h">
      <Filter>Header Files</Filter>
    </ClInclude>
    <ClInclude Include="src\Objects\SceneObject.h">
      <Filter>Header Files</Filter>
    </ClInclude>
    <ClInclude Include="src\Primitives\Object.h">
      <Filter>Header Files</Filter>
    </ClInclude>
    <ClInclude Include="src\Primitives\KDThreeGPU.h">
      <Filter>Header Files</Filter>
    </ClInclude>
    <ClInclude Include="src\Primitives\KDTree.h">
      <Filter>Header Files</Filter>
    </ClInclude>
    <ClInclude Include="src\Primitives\KDTreeGPUUtills.h">
      <Filter>Header Files</Filter>
    </ClInclude>
    <ClInclude Include="src\Primitives\Light.h">
      <Filter>Header Files</Filter>
    </ClInclude>
    <ClInclude Include="src\Primitives\Plane.h">
      <Filter>Header Files</Filter>
    </ClInclude>
    <ClInclude Include="src\Primitives\Sphere.h">
      <Filter>Header Files</Filter>
    </ClInclude>
    <ClInclude Include="src\Primitives\Source.h">
      <Filter>Header Files</Filter>
    </ClInclude>
    <ClInclude Include="src\Primitives\Triangle.h">
      <Filter>Header Files</Filter>
    </ClInclude>
    <ClInclude Include="src\World\Chunk.h">
      <Filter>Header Files</Filter>
    </ClInclude>
    <ClInclude Include="src\World\Grid.h">
      <Filter>Header Files</Filter>
    </ClInclude>
    <ClInclude Include="src\World\Scene.h">
      <Filter>Header Files</Filter>
    </ClInclude>
    <ClInclude Include="src\World\SDFScene.h">
      <Filter>Header Files</Filter>
    </ClInclude>
    <ClInclude Include="src\World\RTScene.h">
      <Filter>Header Files</Filter>
    </ClInclude>
    <ClInclude Include="src\RayEngine\serialise.h">
      <Filter>Header Files</Filter>
    </ClInclude>
    <ClInclude Include="src\Primitives\BoundingVolume.h">
      <Filter>Header Files</Filter>
    </ClInclude>
    <ClInclude Include="src\Primitives\GPUBoundingBox.h">
      <Filter>Header Files</Filter>
    </ClInclude>
    <ClInclude Include="src\World\PerlinNoise.h">
      <Filter>Header Files</Filter>
    </ClInclude>
    <ClInclude Include="src\Primitives\MeshAdjacencyTable.h">
      <Filter>Header Files</Filter>
    </ClInclude>
    <ClInclude Include="src\Primitives\Ray.h">
      <Filter>Header Files</Filter>
    </ClInclude>
    <ClInclude Include="includes\ObjFileReader.h">
      <Filter>Header Files</Filter>
    </ClInclude>
    <ClInclude Include="src\Primitives\Camera.h">
      <Filter>Header Files</Filter>
    </ClInclude>
    <ClInclude Include="src\Engine\KeyCodes.h">
      <Filter>Header Files</Filter>
    </ClInclude>
    <ClInclude Include="src\Engine\Material.h">
      <Filter>Header Files</Filter>
    </ClInclude>
    <ClInclude Include="src\Engine\MouseButtonCodes.h">
      <Filter>Header Files</Filter>
    </ClInclude>
    <ClInclude Include="src\Engine\RayTracer.h">
      <Filter>Header Files</Filter>
    </ClInclude>
    <ClInclude Include="src\Engine\TextureObject.h">
      <Filter>Header Files</Filter>
    </ClInclude>
    <ClInclude Include="src\Engine\Window.h">
      <Filter>Header Files</Filter>
    </ClInclude>
    <ClInclude Include="src\cuda-src\material_functions.cuh" />
    <ClInclude Include="src\Objects\MovableCamera.h">
      <Filter>Header Files</Filter>
    </ClInclude>
    <ClInclude Include="src\Engine\Input.h">
      <Filter>Header Files</Filter>
    </ClInclude>
    <ClInclude Include="src\helper_math.h">
      <Filter>Header Files</Filter>
    </ClInclude>
    <ClInclude Include="src\rplyfile.h">
      <Filter>Header Files</Filter>
    </ClInclude>
    <ClInclude Include="src\rply.h">
      <Filter>Header Files</Filter>
    </ClInclude>
  </ItemGroup>
  <ItemGroup>
    <CudaCompile Include="src\cuda-src\Atmosphere.cu" />
    <CudaCompile Include="src\cuda-src\renderer.cu" />
  </ItemGroup>
  <ItemGroup>
    <ResourceCompile Include="RayEngine.rc">
      <Filter>Resource Files</Filter>
    </ResourceCompile>
  </ItemGroup>
  <ItemGroup>
    <None Include="includes\imgui\imgui_impl_metal.mm">
      <Filter>vendor</Filter>
    </None>
    <None Include="vendor\MetaStuff\include\detail\template_helpers.inl">
      <Filter>Header Files</Filter>
    </None>
    <None Include="vendor\MetaStuff\include\Member.inl">
      <Filter>Header Files</Filter>
    </None>
    <None Include="vendor\MetaStuff\include\Meta.inl">
      <Filter>Header Files</Filter>
    </None>
    <None Include="vendor\MetaStuff\include\JsonCast.inl">
      <Filter>Header Files</Filter>
    </None>
  </ItemGroup>
</Project>